
Microsoft Visual Studio Solution File, Format Version 12.00
# Visual Studio Version 16
VisualStudioVersion = 16.0.30517.126
MinimumVisualStudioVersion = 10.0.40219.1
Project("{FAE04EC0-301F-11D3-BF4B-00C04F79EFBC}") = "WPF_Calculator", "WPF_Calculator\WPF_Calculator.csproj", "{C3A73675-9103-4F42-8EC8-A09913CD156E}"
EndProject
Global
	GlobalSection(SolutionConfigurationPlatforms) = preSolution
		Debug|Any CPU = Debug|Any CPU
		Release|Any CPU = Release|Any CPU
	EndGlobalSection
	GlobalSection(ProjectConfigurationPlatforms) = postSolution
		{C3A73675-9103-4F42-8EC8-A09913CD156E}.Debug|Any CPU.ActiveCfg = Debug|Any CPU
		{C3A73675-9103-4F42-8EC8-A09913CD156E}.Debug|Any CPU.Build.0 = Debug|Any CPU
		{C3A73675-9103-4F42-8EC8-A09913CD156E}.Release|Any CPU.ActiveCfg = Release|Any CPU
		{C3A73675-9103-4F42-8EC8-A09913CD156E}.Release|Any CPU.Build.0 = Release|Any CPU
	EndGlobalSection
	GlobalSection(SolutionProperties) = preSolution
		HideSolutionNode = FALSE
	EndGlobalSection
	GlobalSection(ExtensibilityGlobals) = postSolution
		SolutionGuid = {88870EE7-560D-4507-AD7C-6C2D0ABC6D66}
	EndGlobalSection
EndGlobal
